
Microsoft Visual Studio Solution File, Format Version 12.00
# Visual Studio Version 17
VisualStudioVersion = 17.14.36301.6
MinimumVisualStudioVersion = 10.0.40219.1
Project("{FAE04EC0-301F-11D3-BF4B-00C04F79EFBC}") = "Culinary Guide", "Culinary Guide\Culinary Guide.csproj", "{29D657F8-F5C0-4A12-921E-AD730089C6D0}"
EndProject
Project("{FAE04EC0-301F-11D3-BF4B-00C04F79EFBC}") = "Culinary Guide.Tests", "Culinary Guide.Tests\Culinary Guide.Tests.csproj", "{671A325C-3A17-4652-BC69-849A0217B03A}"
EndProject
Global
	GlobalSection(SolutionConfigurationPlatforms) = preSolution
		Debug|Any CPU = Debug|Any CPU
		Debug|x64 = Debug|x64
		Debug|x86 = Debug|x86
		Release|Any CPU = Release|Any CPU
		Release|x64 = Release|x64
		Release|x86 = Release|x86
	EndGlobalSection
	GlobalSection(ProjectConfigurationPlatforms) = postSolution
		{29D657F8-F5C0-4A12-921E-AD730089C6D0}.Debug|Any CPU.ActiveCfg = Debug|Any CPU
		{29D657F8-F5C0-4A12-921E-AD730089C6D0}.Debug|Any CPU.Build.0 = Debug|Any CPU
		{29D657F8-F5C0-4A12-921E-AD730089C6D0}.Debug|Any CPU.Deploy.0 = Debug|Any CPU
		{29D657F8-F5C0-4A12-921E-AD730089C6D0}.Debug|x64.ActiveCfg = Debug|Any CPU
		{29D657F8-F5C0-4A12-921E-AD730089C6D0}.Debug|x64.Build.0 = Debug|Any CPU
		{29D657F8-F5C0-4A12-921E-AD730089C6D0}.Debug|x86.ActiveCfg = Debug|Any CPU
		{29D657F8-F5C0-4A12-921E-AD730089C6D0}.Debug|x86.Build.0 = Debug|Any CPU
		{29D657F8-F5C0-4A12-921E-AD730089C6D0}.Release|Any CPU.ActiveCfg = Release|Any CPU
		{29D657F8-F5C0-4A12-921E-AD730089C6D0}.Release|Any CPU.Build.0 = Release|Any CPU
		{29D657F8-F5C0-4A12-921E-AD730089C6D0}.Release|x64.ActiveCfg = Release|Any CPU
		{29D657F8-F5C0-4A12-921E-AD730089C6D0}.Release|x64.Build.0 = Release|Any CPU
		{29D657F8-F5C0-4A12-921E-AD730089C6D0}.Release|x86.ActiveCfg = Release|Any CPU
		{29D657F8-F5C0-4A12-921E-AD730089C6D0}.Release|x86.Build.0 = Release|Any CPU
		{671A325C-3A17-4652-BC69-849A0217B03A}.Debug|Any CPU.ActiveCfg = Debug|Any CPU
		{671A325C-3A17-4652-BC69-849A0217B03A}.Debug|Any CPU.Build.0 = Debug|Any CPU
		{671A325C-3A17-4652-BC69-849A0217B03A}.Debug|x64.ActiveCfg = Debug|Any CPU
		{671A325C-3A17-4652-BC69-849A0217B03A}.Debug|x64.Build.0 = Debug|Any CPU
		{671A325C-3A17-4652-BC69-849A0217B03A}.Debug|x86.ActiveCfg = Debug|Any CPU
		{671A325C-3A17-4652-BC69-849A0217B03A}.Debug|x86.Build.0 = Debug|Any CPU
		{671A325C-3A17-4652-BC69-849A0217B03A}.Release|Any CPU.ActiveCfg = Release|Any CPU
		{671A325C-3A17-4652-BC69-849A0217B03A}.Release|Any CPU.Build.0 = Release|Any CPU
		{671A325C-3A17-4652-BC69-849A0217B03A}.Release|x64.ActiveCfg = Release|Any CPU
		{671A325C-3A17-4652-BC69-849A0217B03A}.Release|x64.Build.0 = Release|Any CPU
		{671A325C-3A17-4652-BC69-849A0217B03A}.Release|x86.ActiveCfg = Release|Any CPU
		{671A325C-3A17-4652-BC69-849A0217B03A}.Release|x86.Build.0 = Release|Any CPU
	EndGlobalSection
	GlobalSection(SolutionProperties) = preSolution
		HideSolutionNode = FALSE
	EndGlobalSection
	GlobalSection(ExtensibilityGlobals) = postSolution
		SolutionGuid = {3BE177F9-9BBC-4601-9F3A-490C2E4BB135}
	EndGlobalSection
EndGlobal
